// !$*UTF8*$!
{
	archiveVersion = 1;
	classes = {
	};
	objectVersion = 56;
	objects = {

/* Begin PBXBuildFile section */
		84609FB72C1E97320051E91F /* model.swift in Sources */ = {isa = PBXBuildFile; fileRef = 84609FB62C1E97320051E91F /* model.swift */; };
		84609FB92C1EA4120051E91F /* Total.swift in Sources */ = {isa = PBXBuildFile; fileRef = 84609FB82C1EA4120051E91F /* Total.swift */; };
		84609FBB2C1ECC370051E91F /* Sheet.swift in Sources */ = {isa = PBXBuildFile; fileRef = 84609FBA2C1ECC370051E91F /* Sheet.swift */; };
		8471EBDE2C1D3970004F1391 /* MyProfileApp.swift in Sources */ = {isa = PBXBuildFile; fileRef = 8471EBDD2C1D3970004F1391 /* MyProfileApp.swift */; };
		8471EBE02C1D3970004F1391 /* ContentView.swift in Sources */ = {isa = PBXBuildFile; fileRef = 8471EBDF2C1D3970004F1391 /* ContentView.swift */; };
		8471EBE22C1D3970004F1391 /* Assets.xcassets in Resources */ = {isa = PBXBuildFile; fileRef = 8471EBE12C1D3970004F1391 /* Assets.xcassets */; };
		8471EBE52C1D3970004F1391 /* Preview Assets.xcassets in Resources */ = {isa = PBXBuildFile; fileRef = 8471EBE42C1D3970004F1391 /* Preview Assets.xcassets */; };
		8471EBEF2C1D3971004F1391 /* MyProfileTests.swift in Sources */ = {isa = PBXBuildFile; fileRef = 8471EBEE2C1D3971004F1391 /* MyProfileTests.swift */; };
		8471EBF92C1D3971004F1391 /* MyProfileUITests.swift in Sources */ = {isa = PBXBuildFile; fileRef = 8471EBF82C1D3971004F1391 /* MyProfileUITests.swift */; };
		8471EBFB2C1D3971004F1391 /* MyProfileUITestsLaunchTests.swift in Sources */ = {isa = PBXBuildFile; fileRef = 8471EBFA2C1D3971004F1391 /* MyProfileUITestsLaunchTests.swift */; };
		8471EC082C1D431F004F1391 /* SheetViwe.swift in Sources */ = {isa = PBXBuildFile; fileRef = 8471EC072C1D431F004F1391 /* SheetViwe.swift */; };
/* End PBXBuildFile section */

/* Begin PBXContainerItemProxy section */
		8471EBEB2C1D3971004F1391 /* PBXContainerItemProxy */ = {
			isa = PBXContainerItemProxy;
			containerPortal = 8471EBD22C1D3970004F1391 /* Project object */;
			proxyType = 1;
			remoteGlobalIDString = 8471EBD92C1D3970004F1391;
			remoteInfo = MyProfile;
		};
		8471EBF52C1D3971004F1391 /* PBXContainerItemProxy */ = {
			isa = PBXContainerItemProxy;
			containerPortal = 8471EBD22C1D3970004F1391 /* Project object */;
			proxyType = 1;
			remoteGlobalIDString = 8471EBD92C1D3970004F1391;
			remoteInfo = MyProfile;
		};
/* End PBXContainerItemProxy section */

/* Begin PBXFileReference section */
		84609FB62C1E97320051E91F /* model.swift */ = {isa = PBXFileReference; lastKnownFileType = sourcecode.swift; path = model.swift; sourceTree = "<group>"; };
		84609FB82C1EA4120051E91F /* Total.swift */ = {isa = PBXFileReference; lastKnownFileType = sourcecode.swift; path = Total.swift; sourceTree = "<group>"; };
		84609FBA2C1ECC370051E91F /* Sheet.swift */ = {isa = PBXFileReference; lastKnownFileType = sourcecode.swift; path = Sheet.swift; sourceTree = "<group>"; };
		8471EBDA2C1D3970004F1391 /* MyProfile.app */ = {isa = PBXFileReference; explicitFileType = wrapper.application; includeInIndex = 0; path = MyProfile.app; sourceTree = BUILT_PRODUCTS_DIR; };
		8471EBDD2C1D3970004F1391 /* MyProfileApp.swift */ = {isa = PBXFileReference; lastKnownFileType = sourcecode.swift; path = MyProfileApp.swift; sourceTree = "<group>"; };
		8471EBDF2C1D3970004F1391 /* ContentView.swift */ = {isa = PBXFileReference; lastKnownFileType = sourcecode.swift; path = ContentView.swift; sourceTree = "<group>"; };
		8471EBE12C1D3970004F1391 /* Assets.xcassets */ = {isa = PBXFileReference; lastKnownFileType = folder.assetcatalog; path = Assets.xcassets; sourceTree = "<group>"; };
		8471EBE42C1D3970004F1391 /* Preview Assets.xcassets */ = {isa = PBXFileReference; lastKnownFileType = folder.assetcatalog; path = "Preview Assets.xcassets"; sourceTree = "<group>"; };
		8471EBEA2C1D3971004F1391 /* MyProfileTests.xctest */ = {isa = PBXFileReference; explicitFileType = wrapper.cfbundle; includeInIndex = 0; path = MyProfileTests.xctest; sourceTree = BUILT_PRODUCTS_DIR; };
		8471EBEE2C1D3971004F1391 /* MyProfileTests.swift */ = {isa = PBXFileReference; lastKnownFileType = sourcecode.swift; path = MyProfileTests.swift; sourceTree = "<group>"; };
		8471EBF42C1D3971004F1391 /* MyProfileUITests.xctest */ = {isa = PBXFileReference; explicitFileType = wrapper.cfbundle; includeInIndex = 0; path = MyProfileUITests.xctest; sourceTree = BUILT_PRODUCTS_DIR; };
		8471EBF82C1D3971004F1391 /* MyProfileUITests.swift */ = {isa = PBXFileReference; lastKnownFileType = sourcecode.swift; path = MyProfileUITests.swift; sourceTree = "<group>"; };
		8471EBFA2C1D3971004F1391 /* MyProfileUITestsLaunchTests.swift */ = {isa = PBXFileReference; lastKnownFileType = sourcecode.swift; path = MyProfileUITestsLaunchTests.swift; sourceTree = "<group>"; };
		8471EC072C1D431F004F1391 /* SheetViwe.swift */ = {isa = PBXFileReference; lastKnownFileType = sourcecode.swift; path = SheetViwe.swift; sourceTree = "<group>"; };
/* End PBXFileReference section */

/* Begin PBXFrameworksBuildPhase section */
		8471EBD72C1D3970004F1391 /* Frameworks */ = {
			isa = PBXFrameworksBuildPhase;
			buildActionMask = 2147483647;
			files = (
			);
			runOnlyForDeploymentPostprocessing = 0;
		};
		8471EBE72C1D3971004F1391 /* Frameworks */ = {
			isa = PBXFrameworksBuildPhase;
			buildActionMask = 2147483647;
			files = (
			);
			runOnlyForDeploymentPostprocessing = 0;
		};
		8471EBF12C1D3971004F1391 /* Frameworks */ = {
			isa = PBXFrameworksBuildPhase;
			buildActionMask = 2147483647;
			files = (
			);
			runOnlyForDeploymentPostprocessing = 0;
		};
/* End PBXFrameworksBuildPhase section */

/* Begin PBXGroup section */
		84609FB52C1E97100051E91F /* Model */ = {
			isa = PBXGroup;
			children = (
				84609FB62C1E97320051E91F /* model.swift */,
			);
			path = Model;
			sourceTree = "<group>";
		};
		8471EBD12C1D3970004F1391 = {
			isa = PBXGroup;
			children = (
				8471EBDC2C1D3970004F1391 /* MyProfile */,
				8471EBED2C1D3971004F1391 /* MyProfileTests */,
				8471EBF72C1D3971004F1391 /* MyProfileUITests */,
				8471EBDB2C1D3970004F1391 /* Products */,
			);
			sourceTree = "<group>";
		};
		8471EBDB2C1D3970004F1391 /* Products */ = {
			isa = PBXGroup;
			children = (
				8471EBDA2C1D3970004F1391 /* MyProfile.app */,
				8471EBEA2C1D3971004F1391 /* MyProfileTests.xctest */,
				8471EBF42C1D3971004F1391 /* MyProfileUITests.xctest */,
			);
			name = Products;
			sourceTree = "<group>";
		};
		8471EBDC2C1D3970004F1391 /* MyProfile */ = {
			isa = PBXGroup;
			children = (
				84609FB52C1E97100051E91F /* Model */,
				8471EBDD2C1D3970004F1391 /* MyProfileApp.swift */,
				84609FBA2C1ECC370051E91F /* Sheet.swift */,
				8471EBDF2C1D3970004F1391 /* ContentView.swift */,
				84609FB82C1EA4120051E91F /* Total.swift */,
				8471EBE12C1D3970004F1391 /* Assets.xcassets */,
				8471EBE32C1D3970004F1391 /* Preview Content */,
				8471EC072C1D431F004F1391 /* SheetViwe.swift */,
			);
			path = MyProfile;
			sourceTree = "<group>";
		};
		8471EBE32C1D3970004F1391 /* Preview Content */ = {
			isa = PBXGroup;
			children = (
				8471EBE42C1D3970004F1391 /* Preview Assets.xcassets */,
			);
			path = "Preview Content";
			sourceTree = "<group>";
		};
		8471EBED2C1D3971004F1391 /* MyProfileTests */ = {
			isa = PBXGroup;
			children = (
				8471EBEE2C1D3971004F1391 /* MyProfileTests.swift */,
			);
			path = MyProfileTests;
			sourceTree = "<group>";
		};
		8471EBF72C1D3971004F1391 /* MyProfileUITests */ = {
			isa = PBXGroup;
			children = (
				8471EBF82C1D3971004F1391 /* MyProfileUITests.swift */,
				8471EBFA2C1D3971004F1391 /* MyProfileUITestsLaunchTests.swift */,
			);
			path = MyProfileUITests;
			sourceTree = "<group>";
		};
/* End PBXGroup section */

/* Begin PBXNativeTarget section */
		8471EBD92C1D3970004F1391 /* MyProfile */ = {
			isa = PBXNativeTarget;
			buildConfigurationList = 8471EBFE2C1D3971004F1391 /* Build configuration list for PBXNativeTarget "MyProfile" */;
			buildPhases = (
				8471EBD62C1D3970004F1391 /* Sources */,
				8471EBD72C1D3970004F1391 /* Frameworks */,
				8471EBD82C1D3970004F1391 /* Resources */,
			);
			buildRules = (
			);
			dependencies = (
			);
			name = MyProfile;
			productName = MyProfile;
			productReference = 8471EBDA2C1D3970004F1391 /* MyProfile.app */;
			productType = "com.apple.product-type.application";
		};
		8471EBE92C1D3971004F1391 /* MyProfileTests */ = {
			isa = PBXNativeTarget;
			buildConfigurationList = 8471EC012C1D3971004F1391 /* Build configuration list for PBXNativeTarget "MyProfileTests" */;
			buildPhases = (
				8471EBE62C1D3971004F1391 /* Sources */,
				8471EBE72C1D3971004F1391 /* Frameworks */,
				8471EBE82C1D3971004F1391 /* Resources */,
			);
			buildRules = (
			);
			dependencies = (
				8471EBEC2C1D3971004F1391 /* PBXTargetDependency */,
			);
			name = MyProfileTests;
			productName = MyProfileTests;
			productReference = 8471EBEA2C1D3971004F1391 /* MyProfileTests.xctest */;
			productType = "com.apple.product-type.bundle.unit-test";
		};
		8471EBF32C1D3971004F1391 /* MyProfileUITests */ = {
			isa = PBXNativeTarget;
			buildConfigurationList = 8471EC042C1D3971004F1391 /* Build configuration list for PBXNativeTarget "MyProfileUITests" */;
			buildPhases = (
				8471EBF02C1D3971004F1391 /* Sources */,
				8471EBF12C1D3971004F1391 /* Frameworks */,
				8471EBF22C1D3971004F1391 /* Resources */,
			);
			buildRules = (
			);
			dependencies = (
				8471EBF62C1D3971004F1391 /* PBXTargetDependency */,
			);
			name = MyProfileUITests;
			productName = MyProfileUITests;
			productReference = 8471EBF42C1D3971004F1391 /* MyProfileUITests.xctest */;
			productType = "com.apple.product-type.bundle.ui-testing";
		};
/* End PBXNativeTarget section */

/* Begin PBXProject section */
		8471EBD22C1D3970004F1391 /* Project object */ = {
			isa = PBXProject;
			attributes = {
				BuildIndependentTargetsInParallel = 1;
				LastSwiftUpdateCheck = 1540;
				LastUpgradeCheck = 1540;
				TargetAttributes = {
					8471EBD92C1D3970004F1391 = {
						CreatedOnToolsVersion = 15.4;
					};
					8471EBE92C1D3971004F1391 = {
						CreatedOnToolsVersion = 15.4;
						TestTargetID = 8471EBD92C1D3970004F1391;
					};
					8471EBF32C1D3971004F1391 = {
						CreatedOnToolsVersion = 15.4;
						TestTargetID = 8471EBD92C1D3970004F1391;
					};
				};
			};
			buildConfigurationList = 8471EBD52C1D3970004F1391 /* Build configuration list for PBXProject "MyProfile" */;
			compatibilityVersion = "Xcode 14.0";
			developmentRegion = en;
			hasScannedForEncodings = 0;
			knownRegions = (
				en,
				Base,
			);
			mainGroup = 8471EBD12C1D3970004F1391;
			productRefGroup = 8471EBDB2C1D3970004F1391 /* Products */;
			projectDirPath = "";
			projectRoot = "";
			targets = (
				8471EBD92C1D3970004F1391 /* MyProfile */,
				8471EBE92C1D3971004F1391 /* MyProfileTests */,
				8471EBF32C1D3971004F1391 /* MyProfileUITests */,
			);
		};
/* End PBXProject section */

/* Begin PBXResourcesBuildPhase section */
		8471EBD82C1D3970004F1391 /* Resources */ = {
			isa = PBXResourcesBuildPhase;
			buildActionMask = 2147483647;
			files = (
				8471EBE52C1D3970004F1391 /* Preview Assets.xcassets in Resources */,
				8471EBE22C1D3970004F1391 /* Assets.xcassets in Resources */,
			);
			runOnlyForDeploymentPostprocessing = 0;
		};
		8471EBE82C1D3971004F1391 /* Resources */ = {
			isa = PBXResourcesBuildPhase;
			buildActionMask = 2147483647;
			files = (
			);
			runOnlyForDeploymentPostprocessing = 0;
		};
		8471EBF22C1D3971004F1391 /* Resources */ = {
			isa = PBXResourcesBuildPhase;
			buildActionMask = 2147483647;
			files = (
			);
			runOnlyForDeploymentPostprocessing = 0;
		};
/* End PBXResourcesBuildPhase section */

/* Begin PBXSourcesBuildPhase section */
		8471EBD62C1D3970004F1391 /* Sources */ = {
			isa = PBXSourcesBuildPhase;
			buildActionMask = 2147483647;
			files = (
				84609FB92C1EA4120051E91F /* Total.swift in Sources */,
				8471EC082C1D431F004F1391 /* SheetViwe.swift in Sources */,
				8471EBE02C1D3970004F1391 /* ContentView.swift in Sources */,
				84609FBB2C1ECC370051E91F /* Sheet.swift in Sources */,
				8471EBDE2C1D3970004F1391 /* MyProfileApp.swift in Sources */,
				84609FB72C1E97320051E91F /* model.swift in Sources */,
			);
			runOnlyForDeploymentPostprocessing = 0;
		};
		8471EBE62C1D3971004F1391 /* Sources */ = {
			isa = PBXSourcesBuildPhase;
			buildActionMask = 2147483647;
			files = (
				8471EBEF2C1D3971004F1391 /* MyProfileTests.swift in Sources */,
			);
			runOnlyForDeploymentPostprocessing = 0;
		};
		8471EBF02C1D3971004F1391 /* Sources */ = {
			isa = PBXSourcesBuildPhase;
			buildActionMask = 2147483647;
			files = (
				8471EBFB2C1D3971004F1391 /* MyProfileUITestsLaunchTests.swift in Sources */,
				8471EBF92C1D3971004F1391 /* MyProfileUITests.swift in Sources */,
			);
			runOnlyForDeploymentPostprocessing = 0;
		};
/* End PBXSourcesBuildPhase section */

/* Begin PBXTargetDependency section */
		8471EBEC2C1D3971004F1391 /* PBXTargetDependency */ = {
			isa = PBXTargetDependency;
			target = 8471EBD92C1D3970004F1391 /* MyProfile */;
			targetProxy = 8471EBEB2C1D3971004F1391 /* PBXContainerItemProxy */;
		};
		8471EBF62C1D3971004F1391 /* PBXTargetDependency */ = {
			isa = PBXTargetDependency;
			target = 8471EBD92C1D3970004F1391 /* MyProfile */;
			targetProxy = 8471EBF52C1D3971004F1391 /* PBXContainerItemProxy */;
		};
/* End PBXTargetDependency section */

/* Begin XCBuildConfiguration section */
		8471EBFC2C1D3971004F1391 /* Debug */ = {
			isa = XCBuildConfiguration;
			buildSettings = {
				ALWAYS_SEARCH_USER_PATHS = NO;
				ASSETCATALOG_COMPILER_GENERATE_SWIFT_ASSET_SYMBOL_EXTENSIONS = YES;
				CLANG_ANALYZER_NONNULL = YES;
				CLANG_ANALYZER_NUMBER_OBJECT_CONVERSION = YES_AGGRESSIVE;
				CLANG_CXX_LANGUAGE_STANDARD = "gnu++20";
				CLANG_ENABLE_MODULES = YES;
				CLANG_ENABLE_OBJC_ARC = YES;
				CLANG_ENABLE_OBJC_WEAK = YES;
				CLANG_WARN_BLOCK_CAPTURE_AUTORELEASING = YES;
				CLANG_WARN_BOOL_CONVERSION = YES;
				CLANG_WARN_COMMA = YES;
				CLANG_WARN_CONSTANT_CONVERSION = YES;
				CLANG_WARN_DEPRECATED_OBJC_IMPLEMENTATIONS = YES;
				CLANG_WARN_DIRECT_OBJC_ISA_USAGE = YES_ERROR;
				CLANG_WARN_DOCUMENTATION_COMMENTS = YES;
				CLANG_WARN_EMPTY_BODY = YES;
				CLANG_WARN_ENUM_CONVERSION = YES;
				CLANG_WARN_INFINITE_RECURSION = YES;
				CLANG_WARN_INT_CONVERSION = YES;
				CLANG_WARN_NON_LITERAL_NULL_CONVERSION = YES;
				CLANG_WARN_OBJC_IMPLICIT_RETAIN_SELF = YES;
				CLANG_WARN_OBJC_LITERAL_CONVERSION = YES;
				CLANG_WARN_OBJC_ROOT_CLASS = YES_ERROR;
				CLANG_WARN_QUOTED_INCLUDE_IN_FRAMEWORK_HEADER = YES;
				CLANG_WARN_RANGE_LOOP_ANALYSIS = YES;
				CLANG_WARN_STRICT_PROTOTYPES = YES;
				CLANG_WARN_SUSPICIOUS_MOVE = YES;
				CLANG_WARN_UNGUARDED_AVAILABILITY = YES_AGGRESSIVE;
				CLANG_WARN_UNREACHABLE_CODE = YES;
				CLANG_WARN__DUPLICATE_METHOD_MATCH = YES;
				COPY_PHASE_STRIP = NO;
				DEBUG_INFORMATION_FORMAT = dwarf;
				ENABLE_STRICT_OBJC_MSGSEND = YES;
				ENABLE_TESTABILITY = YES;
				ENABLE_USER_SCRIPT_SANDBOXING = YES;
				GCC_C_LANGUAGE_STANDARD = gnu17;
				GCC_DYNAMIC_NO_PIC = NO;
				GCC_NO_COMMON_BLOCKS = YES;
				GCC_OPTIMIZATION_LEVEL = 0;
				GCC_PREPROCESSOR_DEFINITIONS = (
					"DEBUG=1",
					"$(inherited)",
				);
				GCC_WARN_64_TO_32_BIT_CONVERSION = YES;
				GCC_WARN_ABOUT_RETURN_TYPE = YES_ERROR;
				GCC_WARN_UNDECLARED_SELECTOR = YES;
				GCC_WARN_UNINITIALIZED_AUTOS = YES_AGGRESSIVE;
				GCC_WARN_UNUSED_FUNCTION = YES;
				GCC_WARN_UNUSED_VARIABLE = YES;
				IPHONEOS_DEPLOYMENT_TARGET = 17.5;
				LOCALIZATION_PREFERS_STRING_CATALOGS = YES;
				MTL_ENABLE_DEBUG_INFO = INCLUDE_SOURCE;
				MTL_FAST_MATH = YES;
				ONLY_ACTIVE_ARCH = YES;
				SDKROOT = iphoneos;
				SWIFT_ACTIVE_COMPILATION_CONDITIONS = "DEBUG $(inherited)";
				SWIFT_OPTIMIZATION_LEVEL = "-Onone";
			};
			name = Debug;
		};
		8471EBFD2C1D3971004F1391 /* Release */ = {
			isa = XCBuildConfiguration;
			buildSettings = {
				ALWAYS_SEARCH_USER_PATHS = NO;
				ASSETCATALOG_COMPILER_GENERATE_SWIFT_ASSET_SYMBOL_EXTENSIONS = YES;
				CLANG_ANALYZER_NONNULL = YES;
				CLANG_ANALYZER_NUMBER_OBJECT_CONVERSION = YES_AGGRESSIVE;
				CLANG_CXX_LANGUAGE_STANDARD = "gnu++20";
				CLANG_ENABLE_MODULES = YES;
				CLANG_ENABLE_OBJC_ARC = YES;
				CLANG_ENABLE_OBJC_WEAK = YES;
				CLANG_WARN_BLOCK_CAPTURE_AUTORELEASING = YES;
				CLANG_WARN_BOOL_CONVERSION = YES;
				CLANG_WARN_COMMA = YES;
				CLANG_WARN_CONSTANT_CONVERSION = YES;
				CLANG_WARN_DEPRECATED_OBJC_IMPLEMENTATIONS = YES;
				CLANG_WARN_DIRECT_OBJC_ISA_USAGE = YES_ERROR;
				CLANG_WARN_DOCUMENTATION_COMMENTS = YES;
				CLANG_WARN_EMPTY_BODY = YES;
				CLANG_WARN_ENUM_CONVERSION = YES;
				CLANG_WARN_INFINITE_RECURSION = YES;
				CLANG_WARN_INT_CONVERSION = YES;
				CLANG_WARN_NON_LITERAL_NULL_CONVERSION = YES;
				CLANG_WARN_OBJC_IMPLICIT_RETAIN_SELF = YES;
				CLANG_WARN_OBJC_LITERAL_CONVERSION = YES;
				CLANG_WARN_OBJC_ROOT_CLASS = YES_ERROR;
				CLANG_WARN_QUOTED_INCLUDE_IN_FRAMEWORK_HEADER = YES;
				CLANG_WARN_RANGE_LOOP_ANALYSIS = YES;
				CLANG_WARN_STRICT_PROTOTYPES = YES;
				CLANG_WARN_SUSPICIOUS_MOVE = YES;
				CLANG_WARN_UNGUARDED_AVAILABILITY = YES_AGGRESSIVE;
				CLANG_WARN_UNREACHABLE_CODE = YES;
				CLANG_WARN__DUPLICATE_METHOD_MATCH = YES;
				COPY_PHASE_STRIP = NO;
				DEBUG_INFORMATION_FORMAT = "dwarf-with-dsym";
				ENABLE_NS_ASSERTIONS = NO;
				ENABLE_STRICT_OBJC_MSGSEND = YES;
				ENABLE_USER_SCRIPT_SANDBOXING = YES;
				GCC_C_LANGUAGE_STANDARD = gnu17;
				GCC_NO_COMMON_BLOCKS = YES;
				GCC_WARN_64_TO_32_BIT_CONVERSION = YES;
				GCC_WARN_ABOUT_RETURN_TYPE = YES_ERROR;
				GCC_WARN_UNDECLARED_SELECTOR = YES;
				GCC_WARN_UNINITIALIZED_AUTOS = YES_AGGRESSIVE;
				GCC_WARN_UNUSED_FUNCTION = YES;
				GCC_WARN_UNUSED_VARIABLE = YES;
				IPHONEOS_DEPLOYMENT_TARGET = 17.5;
				LOCALIZATION_PREFERS_STRING_CATALOGS = YES;
				MTL_ENABLE_DEBUG_INFO = NO;
				MTL_FAST_MATH = YES;
				SDKROOT = iphoneos;
				SWIFT_COMPILATION_MODE = wholemodule;
				VALIDATE_PRODUCT = YES;
			};
			name = Release;
		};
		8471EBFF2C1D3971004F1391 /* Debug */ = {
			isa = XCBuildConfiguration;
			buildSettings = {
				ASSETCATALOG_COMPILER_APPICON_NAME = AppIcon;
				ASSETCATALOG_COMPILER_GLOBAL_ACCENT_COLOR_NAME = AccentColor;
				CODE_SIGN_STYLE = Automatic;
				CURRENT_PROJECT_VERSION = 1;
				DEVELOPMENT_ASSET_PATHS = "\"MyProfile/Preview Content\"";
				ENABLE_PREVIEWS = YES;
				GENERATE_INFOPLIST_FILE = YES;
				INFOPLIST_KEY_UIApplicationSceneManifest_Generation = YES;
				INFOPLIST_KEY_UIApplicationSupportsIndirectInputEvents = YES;
				INFOPLIST_KEY_UILaunchScreen_Generation = YES;
				INFOPLIST_KEY_UISupportedInterfaceOrientations_iPad = "UIInterfaceOrientationPortrait UIInterfaceOrientationPortraitUpsideDown UIInterfaceOrientationLandscapeLeft UIInterfaceOrientationLandscapeRight";
				INFOPLIST_KEY_UISupportedInterfaceOrientations_iPhone = "UIInterfaceOrientationPortrait UIInterfaceOrientationLandscapeLeft UIInterfaceOrientationLandscapeRight";
				LD_RUNPATH_SEARCH_PATHS = (
					"$(inherited)",
					"@executable_path/Frameworks",
				);
				MARKETING_VERSION = 1.0;
				PRODUCT_BUNDLE_IDENTIFIER = Infinity.MyProfile;
				PRODUCT_NAME = "$(TARGET_NAME)";
				SWIFT_EMIT_LOC_STRINGS = YES;
				SWIFT_VERSION = 5.0;
				TARGETED_DEVICE_FAMILY = "1,2";
			};
			name = Debug;
		};
		8471EC002C1D3971004F1391 /* Release */ = {
			isa = XCBuildConfiguration;
			buildSettings = {
				ASSETCATALOG_COMPILER_APPICON_NAME = AppIcon;
				ASSETCATALOG_COMPILER_GLOBAL_ACCENT_COLOR_NAME = AccentColor;
				CODE_SIGN_STYLE = Automatic;
				CURRENT_PROJECT_VERSION = 1;
				DEVELOPMENT_ASSET_PATHS = "\"MyProfile/Preview Content\"";
				ENABLE_PREVIEWS = YES;
				GENERATE_INFOPLIST_FILE = YES;
				INFOPLIST_KEY_UIApplicationSceneManifest_Generation = YES;
				INFOPLIST_KEY_UIApplicationSupportsIndirectInputEvents = YES;
				INFOPLIST_KEY_UILaunchScreen_Generation = YES;
				INFOPLIST_KEY_UISupportedInterfaceOrientations_iPad = "UIInterfaceOrientationPortrait UIInterfaceOrientationPortraitUpsideDown UIInterfaceOrientationLandscapeLeft UIInterfaceOrientationLandscapeRight";
				INFOPLIST_KEY_UISupportedInterfaceOrientations_iPhone = "UIInterfaceOrientationPortrait UIInterfaceOrientationLandscapeLeft UIInterfaceOrientationLandscapeRight";
				LD_RUNPATH_SEARCH_PATHS = (
					"$(inherited)",
					"@executable_path/Frameworks",
				);
				MARKETING_VERSION = 1.0;
				PRODUCT_BUNDLE_IDENTIFIER = Infinity.MyProfile;
				PRODUCT_NAME = "$(TARGET_NAME)";
				SWIFT_EMIT_LOC_STRINGS = YES;
				SWIFT_VERSION = 5.0;
				TARGETED_DEVICE_FAMILY = "1,2";
			};
			name = Release;
		};
		8471EC022C1D3971004F1391 /* Debug */ = {
			isa = XCBuildConfiguration;
			buildSettings = {
				ALWAYS_EMBED_SWIFT_STANDARD_LIBRARIES = YES;
				BUNDLE_LOADER = "$(TEST_HOST)";
				CODE_SIGN_STYLE = Automatic;
				CURRENT_PROJECT_VERSION = 1;
				GENERATE_INFOPLIST_FILE = YES;
				IPHONEOS_DEPLOYMENT_TARGET = 17.5;
				MARKETING_VERSION = 1.0;
				PRODUCT_BUNDLE_IDENTIFIER = Infinity.MyProfileTests;
				PRODUCT_NAME = "$(TARGET_NAME)";
				SWIFT_EMIT_LOC_STRINGS = NO;
				SWIFT_VERSION = 5.0;
				TARGETED_DEVICE_FAMILY = "1,2";
				TEST_HOST = "$(BUILT_PRODUCTS_DIR)/MyProfile.app/$(BUNDLE_EXECUTABLE_FOLDER_PATH)/MyProfile";
			};
			name = Debug;
		};
		8471EC032C1D3971004F1391 /* Release */ = {
			isa = XCBuildConfiguration;
			buildSettings = {
				ALWAYS_EMBED_SWIFT_STANDARD_LIBRARIES = YES;
				BUNDLE_LOADER = "$(TEST_HOST)";
				CODE_SIGN_STYLE = Automatic;
				CURRENT_PROJECT_VERSION = 1;
				GENERATE_INFOPLIST_FILE = YES;
				IPHONEOS_DEPLOYMENT_TARGET = 17.5;
				MARKETING_VERSION = 1.0;
				PRODUCT_BUNDLE_IDENTIFIER = Infinity.MyProfileTests;
				PRODUCT_NAME = "$(TARGET_NAME)";
				SWIFT_EMIT_LOC_STRINGS = NO;
				SWIFT_VERSION = 5.0;
				TARGETED_DEVICE_FAMILY = "1,2";
				TEST_HOST = "$(BUILT_PRODUCTS_DIR)/MyProfile.app/$(BUNDLE_EXECUTABLE_FOLDER_PATH)/MyProfile";
			};
			name = Release;
		};
		8471EC052C1D3971004F1391 /* Debug */ = {
			isa = XCBuildConfiguration;
			buildSettings = {
				ALWAYS_EMBED_SWIFT_STANDARD_LIBRARIES = YES;
				CODE_SIGN_STYLE = Automatic;
				CURRENT_PROJECT_VERSION = 1;
				GENERATE_INFOPLIST_FILE = YES;
				MARKETING_VERSION = 1.0;
				PRODUCT_BUNDLE_IDENTIFIER = Infinity.MyProfileUITests;
				PRODUCT_NAME = "$(TARGET_NAME)";
				SWIFT_EMIT_LOC_STRINGS = NO;
				SWIFT_VERSION = 5.0;
				TARGETED_DEVICE_FAMILY = "1,2";
				TEST_TARGET_NAME = MyProfile;
			};
			name = Debug;
		};
		8471EC062C1D3971004F1391 /* Release */ = {
			isa = XCBuildConfiguration;
			buildSettings = {
				ALWAYS_EMBED_SWIFT_STANDARD_LIBRARIES = YES;
				CODE_SIGN_STYLE = Automatic;
				CURRENT_PROJECT_VERSION = 1;
				GENERATE_INFOPLIST_FILE = YES;
				MARKETING_VERSION = 1.0;
				PRODUCT_BUNDLE_IDENTIFIER = Infinity.MyProfileUITests;
				PRODUCT_NAME = "$(TARGET_NAME)";
				SWIFT_EMIT_LOC_STRINGS = NO;
				SWIFT_VERSION = 5.0;
				TARGETED_DEVICE_FAMILY = "1,2";
				TEST_TARGET_NAME = MyProfile;
			};
			name = Release;
		};
/* End XCBuildConfiguration section */

/* Begin XCConfigurationList section */
		8471EBD52C1D3970004F1391 /* Build configuration list for PBXProject "MyProfile" */ = {
			isa = XCConfigurationList;
			buildConfigurations = (
				8471EBFC2C1D3971004F1391 /* Debug */,
				8471EBFD2C1D3971004F1391 /* Release */,
			);
			defaultConfigurationIsVisible = 0;
			defaultConfigurationName = Release;
		};
		8471EBFE2C1D3971004F1391 /* Build configuration list for PBXNativeTarget "MyProfile" */ = {
			isa = XCConfigurationList;
			buildConfigurations = (
				8471EBFF2C1D3971004F1391 /* Debug */,
				8471EC002C1D3971004F1391 /* Release */,
			);
			defaultConfigurationIsVisible = 0;
			defaultConfigurationName = Release;
		};
		8471EC012C1D3971004F1391 /* Build configuration list for PBXNativeTarget "MyProfileTests" */ = {
			isa = XCConfigurationList;
			buildConfigurations = (
				8471EC022C1D3971004F1391 /* Debug */,
				8471EC032C1D3971004F1391 /* Release */,
			);
			defaultConfigurationIsVisible = 0;
			defaultConfigurationName = Release;
		};
		8471EC042C1D3971004F1391 /* Build configuration list for PBXNativeTarget "MyProfileUITests" */ = {
			isa = XCConfigurationList;
			buildConfigurations = (
				8471EC052C1D3971004F1391 /* Debug */,
				8471EC062C1D3971004F1391 /* Release */,
			);
			defaultConfigurationIsVisible = 0;
			defaultConfigurationName = Release;
		};
/* End XCConfigurationList section */
	};
	rootObject = 8471EBD22C1D3970004F1391 /* Project object */;
}
